schema: '2.0'
stages:
  data_ingestion:
    cmd: python src/data_ingestion.py
    deps:
    - path: src/data_ingestion.py
      hash: md5
      md5: c5384e533020c31a589474517bcd0b18
      size: 4009
    params:
      params.yaml:
        data_ingestion.test_size: 0.3
    outs:
    - path: data/raw
      hash: md5
      md5: 226eaa299adc1042079556c17e95f65f.dir
      size: 34243
      nfiles: 2
  model_building:
    cmd: python src/model_building.py
    deps:
    - path: data/raw
      hash: md5
      md5: 226eaa299adc1042079556c17e95f65f.dir
      size: 34243
      nfiles: 2
    - path: src/model_building.py
      hash: md5
      md5: 37813fcab987c9508e3c7ca920aa8368
      size: 4312
    outs:
    - path: models/model.pkl
      hash: md5
      md5: af6b794541af6e9ad0a25abdaebd3040
      size: 212261
  model_evaluation:
    cmd: python src/model_evaluation.py
    deps:
    - path: data/raw
      hash: md5
      md5: 226eaa299adc1042079556c17e95f65f.dir
      size: 34243
      nfiles: 2
    - path: src/model_evaluation.py
      hash: md5
      md5: 9438d307f712bc33893ad183a3becc06
      size: 4627
    outs:
    - path: reports/metrics.json
      hash: md5
      md5: 8d52d9d89976db3ae151e059bd0dde81
      size: 146
